
Microsoft Visual Studio Solution File, Format Version 12.00
# Visual Studio 14
VisualStudioVersion = 14.0.25123.0
MinimumVisualStudioVersion = 10.0.40219.1
Project("{8BC9CEB8-8B4A-11D0-8D11-00A0C91BC942}") = "yare", "yare\yare.vcxproj", "{6ED3DB39-243D-4776-91E7-7D458DDFAE58}"
EndProject
Project("{8BC9CEB8-8B4A-11D0-8D11-00A0C91BC942}") = "VulkanLab", "VulkanLab\VulkanLab.vcxproj", "{342BC875-429D-4DDB-8731-2132E72A330A}"
EndProject
Global
	GlobalSection(SolutionConfigurationPlatforms) = preSolution
		Debug|x64 = Debug|x64
		Release|x64 = Release|x64
	EndGlobalSection
	GlobalSection(ProjectConfigurationPlatforms) = postSolution
		{6ED3DB39-243D-4776-91E7-7D458DDFAE58}.Debug|x64.ActiveCfg = Debug|x64
		{6ED3DB39-243D-4776-91E7-7D458DDFAE58}.Debug|x64.Build.0 = Debug|x64
		{6ED3DB39-243D-4776-91E7-7D458DDFAE58}.Release|x64.ActiveCfg = Release|x64
		{6ED3DB39-243D-4776-91E7-7D458DDFAE58}.Release|x64.Build.0 = Release|x64
		{342BC875-429D-4DDB-8731-2132E72A330A}.Debug|x64.ActiveCfg = Debug|x64
		{342BC875-429D-4DDB-8731-2132E72A330A}.Debug|x64.Build.0 = Debug|x64
		{342BC875-429D-4DDB-8731-2132E72A330A}.Release|x64.ActiveCfg = Release|x64
		{342BC875-429D-4DDB-8731-2132E72A330A}.Release|x64.Build.0 = Release|x64
	EndGlobalSection
	GlobalSection(SolutionProperties) = preSolution
		HideSolutionNode = FALSE
	EndGlobalSection
EndGlobal
